
Microsoft Visual Studio Solution File, Format Version 12.00
# Visual Studio Version 17
VisualStudioVersion = 17.14.36518.9
MinimumVisualStudioVersion = 10.0.40219.1
Project("{2150E333-8FDC-42A3-9474-1A3956D46DE8}") = "Task0", "Task0", "{02EA681E-C7D8-13C7-8484-4AC65E1B71E8}"
EndProject
Project("{FAE04EC0-301F-11D3-BF4B-00C04F79EFBC}") = "Tyuiu.Kucherenkonm.Sprint4.Task0.V21", "Tyuiu.Kucherenkonm.Sprint4.Task0.V21\Tyuiu.Kucherenkonm.Sprint4.Task0.V21.csproj", "{21A553C7-273C-443A-9F0E-64F189620811}"
EndProject
Project("{FAE04EC0-301F-11D3-BF4B-00C04F79EFBC}") = "Tyuiu.Kucherenkonm.Sprint4.Task0.V21.Test", "Tyuiu.Kucherenkonm.Sprint4.Task0.V21.Test\Tyuiu.Kucherenkonm.Sprint4.Task0.V21.Test.csproj", "{F91E787A-0399-4301-A1D7-A22DE309F708}"
EndProject
Project("{FAE04EC0-301F-11D3-BF4B-00C04F79EFBC}") = "Tyuiu.Kucherenkonm.Sprint4.Task0.V21.Lib", "Tyuiu.Kucherenkonm.Sprint4.Task0.V21.Lib\Tyuiu.Kucherenkonm.Sprint4.Task0.V21.Lib.csproj", "{AC43EBB1-89AC-4480-9239-DFEE4D8B3D03}"
EndProject
Project("{2150E333-8FDC-42A3-9474-1A3956D46DE8}") = "Task1", "Task1", "{6491F31C-A55F-4870-AF16-3FDB56BAA787}"
EndProject
Project("{FAE04EC0-301F-11D3-BF4B-00C04F79EFBC}") = "Tyuiu.Kucherenkonm.Sprint4.Task1.V29", "Tyuiu.Kucherenkonm.Sprint4.Task1.V29\Tyuiu.Kucherenkonm.Sprint4.Task1.V29.csproj", "{CBCE7F90-4C39-4269-8931-C6104B0EFAEE}"
EndProject
Project("{FAE04EC0-301F-11D3-BF4B-00C04F79EFBC}") = "Tyuiu.Kucherenkonm.Sprint4.Task1.V29.Test", "Tyuiu.Kucherenkonm.Sprint4.Task1.V29.Test\Tyuiu.Kucherenkonm.Sprint4.Task1.V29.Test.csproj", "{DD8C01AD-5BF6-420E-A5EE-8A8B8BE621E0}"
EndProject
Project("{FAE04EC0-301F-11D3-BF4B-00C04F79EFBC}") = "Tyuiu.Kucherenkonm.Sprint4.Task1.V29.Lib", "Tyuiu.Kucherenkonm.Sprint4.Task1.V29.Lib\Tyuiu.Kucherenkonm.Sprint4.Task1.V29.Lib.csproj", "{45C9D20D-DC5A-49E8-9A5C-46306BA1D4F2}"
EndProject
Project("{2150E333-8FDC-42A3-9474-1A3956D46DE8}") = "Task2", "Task2", "{533C9244-BBA0-4D71-B88C-0E324CD2D9F6}"
EndProject
Project("{FAE04EC0-301F-11D3-BF4B-00C04F79EFBC}") = "Tyuiu.Kucherenkonm.Sprint4.Task2.V27", "Tyuiu.Kucherenkonm.Sprint4.Task2.V27\Tyuiu.Kucherenkonm.Sprint4.Task2.V27.csproj", "{06EDF93B-AE0A-4D53-8001-3A2E1C7368CB}"
EndProject
Project("{FAE04EC0-301F-11D3-BF4B-00C04F79EFBC}") = "Tyuiu.Kucherenkonm.Sprint4.Task2.V27.Test", "Tyuiu.Kucherenkonm.Sprint4.Task2.V27.Test\Tyuiu.Kucherenkonm.Sprint4.Task2.V27.Test.csproj", "{E3695AD2-749E-4ECE-810B-E1D2D4C1F3CA}"
EndProject
Project("{FAE04EC0-301F-11D3-BF4B-00C04F79EFBC}") = "Tyuiu.Kucherenkonm.Sprint4.Task2.V27.Lib", "Tyuiu.Kucherenkonm.Sprint4.Task2.V27.Lib\Tyuiu.Kucherenkonm.Sprint4.Task2.V27.Lib.csproj", "{A2CA2CEE-2B7F-421F-A573-A6242015A64E}"
EndProject
Project("{2150E333-8FDC-42A3-9474-1A3956D46DE8}") = "Task3", "Task3", "{4EC06EBF-E08D-43F3-9870-F02CD4AC0A97}"
EndProject
Project("{FAE04EC0-301F-11D3-BF4B-00C04F79EFBC}") = "Tyuiu.Kucherenkonm.Sprint4.Task3.V16", "Tyuiu.Kucherenkonm.Sprint4.Task3.V16\Tyuiu.Kucherenkonm.Sprint4.Task3.V16.csproj", "{EE9761B0-D0EB-496C-A032-E13F4C5E302A}"
EndProject
Project("{FAE04EC0-301F-11D3-BF4B-00C04F79EFBC}") = "Tyuiu.Kucherenkonm.Sprint4.Task3.V16.Test", "Tyuiu.Kucherenkonm.Sprint4.Task3.V16.Test\Tyuiu.Kucherenkonm.Sprint4.Task3.V16.Test.csproj", "{3745FC66-5FF2-459F-AE93-E236890D9FE1}"
EndProject
Project("{FAE04EC0-301F-11D3-BF4B-00C04F79EFBC}") = "Tyuiu.Kucherenkonm.Sprint4.Task3.V16.Lib", "Tyuiu.Kucherenkonm.Sprint4.Task3.V16.Lib\Tyuiu.Kucherenkonm.Sprint4.Task3.V16.Lib.csproj", "{1E9729C6-FE5D-40B0-AF6B-D2D8A0DC377E}"
EndProject
Project("{2150E333-8FDC-42A3-9474-1A3956D46DE8}") = "Task4", "Task4", "{807F6522-581B-4E9C-8527-1358782F0CD8}"
EndProject
Project("{FAE04EC0-301F-11D3-BF4B-00C04F79EFBC}") = "Tyuiu.Kucherenkonm.Sprint4.Task4.V23", "Tyuiu.Kucherenkonm.Sprint4.Task4.V23\Tyuiu.Kucherenkonm.Sprint4.Task4.V23.csproj", "{155B60AF-F872-410C-B7AE-B1AFC7E40362}"
EndProject
Project("{FAE04EC0-301F-11D3-BF4B-00C04F79EFBC}") = "Tyuiu.Kucherenkonm.Sprint4.Task4.V23.Test", "Tyuiu.Kucherenkonm.Sprint4.Task4.V23.Test\Tyuiu.Kucherenkonm.Sprint4.Task4.V23.Test.csproj", "{008D5719-6E24-4EFA-A5A8-B0DFEFE1AB80}"
EndProject
Project("{FAE04EC0-301F-11D3-BF4B-00C04F79EFBC}") = "Tyuiu.Kucherenkonm.Sprint4.Task4.V23.Lib", "Tyuiu.Kucherenkonm.Sprint4.Task4.V23.Lib\Tyuiu.Kucherenkonm.Sprint4.Task4.V23.Lib.csproj", "{3ADFA010-2085-407F-8FDF-C1B832F7C358}"
EndProject
Project("{2150E333-8FDC-42A3-9474-1A3956D46DE8}") = "Task5", "Task5", "{C42E8AA0-59FF-412A-9097-EA73A74D2F82}"
EndProject
Project("{FAE04EC0-301F-11D3-BF4B-00C04F79EFBC}") = "Tyuiu.Kucherenkonm.Sprint4.Task5.V10", "Tyuiu.Kucherenkonm.Sprint4.Task5.V10\Tyuiu.Kucherenkonm.Sprint4.Task5.V10.csproj", "{A9A7BDD8-01AD-437E-808C-BA2B89982094}"
EndProject
Project("{FAE04EC0-301F-11D3-BF4B-00C04F79EFBC}") = "Tyuiu.Kucherenkonm.Sprint4.Task5.V10.Test", "Tyuiu.Kucherenkonm.Sprint4.Task5.V10.Test\Tyuiu.Kucherenkonm.Sprint4.Task5.V10.Test.csproj", "{6FD69CE3-8B54-4DEC-B826-2C54AD2A212D}"
EndProject
Project("{FAE04EC0-301F-11D3-BF4B-00C04F79EFBC}") = "Tyuiu.Kucherenkonm.Sprint4.Task5.V10.Lib", "Tyuiu.Kucherenkonm.Sprint4.Task5.V10.Lib\Tyuiu.Kucherenkonm.Sprint4.Task5.V10.Lib.csproj", "{EB118A6D-9618-43C7-8D19-734779545E85}"
EndProject
Project("{2150E333-8FDC-42A3-9474-1A3956D46DE8}") = "Task6", "Task6", "{13C3161A-F911-4C6A-B90E-3F2EA9B26CBA}"
EndProject
Project("{FAE04EC0-301F-11D3-BF4B-00C04F79EFBC}") = "Tyuiu.Kucherenkonm.Sprint4.Task6.V30", "Tyuiu.Kucherenkonm.Sprint4.Task6.V30\Tyuiu.Kucherenkonm.Sprint4.Task6.V30.csproj", "{9D135681-5D53-4ED9-9FD5-5720B6D11627}"
EndProject
Project("{FAE04EC0-301F-11D3-BF4B-00C04F79EFBC}") = "Tyuiu.Kucherenkonm.Sprint4.Task6.V30.Test", "Tyuiu.Kucherenkonm.Sprint4.Task6.V30.Test\Tyuiu.Kucherenkonm.Sprint4.Task6.V30.Test.csproj", "{58293713-3BC2-49D8-A734-E1B7738D8AFE}"
EndProject
Project("{FAE04EC0-301F-11D3-BF4B-00C04F79EFBC}") = "Tyuiu.Kucherenkonm.Sprint4.Task6.V30.Lib", "Tyuiu.Kucherenkonm.Sprint4.Task6.V30.Lib\Tyuiu.Kucherenkonm.Sprint4.Task6.V30.Lib.csproj", "{4F3299C8-CCFF-4D24-AF2F-1C2B6C1A19F2}"
EndProject
Global
	GlobalSection(SolutionConfigurationPlatforms) = preSolution
		Debug|Any CPU = Debug|Any CPU
		Release|Any CPU = Release|Any CPU
	EndGlobalSection
	GlobalSection(ProjectConfigurationPlatforms) = postSolution
		{21A553C7-273C-443A-9F0E-64F189620811}.Debug|Any CPU.ActiveCfg = Debug|Any CPU
		{21A553C7-273C-443A-9F0E-64F189620811}.Debug|Any CPU.Build.0 = Debug|Any CPU
		{21A553C7-273C-443A-9F0E-64F189620811}.Release|Any CPU.ActiveCfg = Release|Any CPU
		{21A553C7-273C-443A-9F0E-64F189620811}.Release|Any CPU.Build.0 = Release|Any CPU
		{F91E787A-0399-4301-A1D7-A22DE309F708}.Debug|Any CPU.ActiveCfg = Debug|Any CPU
		{F91E787A-0399-4301-A1D7-A22DE309F708}.Debug|Any CPU.Build.0 = Debug|Any CPU
		{F91E787A-0399-4301-A1D7-A22DE309F708}.Release|Any CPU.ActiveCfg = Release|Any CPU
		{F91E787A-0399-4301-A1D7-A22DE309F708}.Release|Any CPU.Build.0 = Release|Any CPU
		{AC43EBB1-89AC-4480-9239-DFEE4D8B3D03}.Debug|Any CPU.ActiveCfg = Debug|Any CPU
		{AC43EBB1-89AC-4480-9239-DFEE4D8B3D03}.Debug|Any CPU.Build.0 = Debug|Any CPU
		{AC43EBB1-89AC-4480-9239-DFEE4D8B3D03}.Release|Any CPU.ActiveCfg = Release|Any CPU
		{AC43EBB1-89AC-4480-9239-DFEE4D8B3D03}.Release|Any CPU.Build.0 = Release|Any CPU
		{CBCE7F90-4C39-4269-8931-C6104B0EFAEE}.Debug|Any CPU.ActiveCfg = Debug|Any CPU
		{CBCE7F90-4C39-4269-8931-C6104B0EFAEE}.Debug|Any CPU.Build.0 = Debug|Any CPU
		{CBCE7F90-4C39-4269-8931-C6104B0EFAEE}.Release|Any CPU.ActiveCfg = Release|Any CPU
		{CBCE7F90-4C39-4269-8931-C6104B0EFAEE}.Release|Any CPU.Build.0 = Release|Any CPU
		{DD8C01AD-5BF6-420E-A5EE-8A8B8BE621E0}.Debug|Any CPU.ActiveCfg = Debug|Any CPU
		{DD8C01AD-5BF6-420E-A5EE-8A8B8BE621E0}.Debug|Any CPU.Build.0 = Debug|Any CPU
		{DD8C01AD-5BF6-420E-A5EE-8A8B8BE621E0}.Release|Any CPU.ActiveCfg = Release|Any CPU
		{DD8C01AD-5BF6-420E-A5EE-8A8B8BE621E0}.Release|Any CPU.Build.0 = Release|Any CPU
		{45C9D20D-DC5A-49E8-9A5C-46306BA1D4F2}.Debug|Any CPU.ActiveCfg = Debug|Any CPU
		{45C9D20D-DC5A-49E8-9A5C-46306BA1D4F2}.Debug|Any CPU.Build.0 = Debug|Any CPU
		{45C9D20D-DC5A-49E8-9A5C-46306BA1D4F2}.Release|Any CPU.ActiveCfg = Release|Any CPU
		{45C9D20D-DC5A-49E8-9A5C-46306BA1D4F2}.Release|Any CPU.Build.0 = Release|Any CPU
		{06EDF93B-AE0A-4D53-8001-3A2E1C7368CB}.Debug|Any CPU.ActiveCfg = Debug|Any CPU
		{06EDF93B-AE0A-4D53-8001-3A2E1C7368CB}.Debug|Any CPU.Build.0 = Debug|Any CPU
		{06EDF93B-AE0A-4D53-8001-3A2E1C7368CB}.Release|Any CPU.ActiveCfg = Release|Any CPU
		{06EDF93B-AE0A-4D53-8001-3A2E1C7368CB}.Release|Any CPU.Build.0 = Release|Any CPU
		{E3695AD2-749E-4ECE-810B-E1D2D4C1F3CA}.Debug|Any CPU.ActiveCfg = Debug|Any CPU
		{E3695AD2-749E-4ECE-810B-E1D2D4C1F3CA}.Debug|Any CPU.Build.0 = Debug|Any CPU
		{E3695AD2-749E-4ECE-810B-E1D2D4C1F3CA}.Release|Any CPU.ActiveCfg = Release|Any CPU
		{E3695AD2-749E-4ECE-810B-E1D2D4C1F3CA}.Release|Any CPU.Build.0 = Release|Any CPU
		{A2CA2CEE-2B7F-421F-A573-A6242015A64E}.Debug|Any CPU.ActiveCfg = Debug|Any CPU
		{A2CA2CEE-2B7F-421F-A573-A6242015A64E}.Debug|Any CPU.Build.0 = Debug|Any CPU
		{A2CA2CEE-2B7F-421F-A573-A6242015A64E}.Release|Any CPU.ActiveCfg = Release|Any CPU
		{A2CA2CEE-2B7F-421F-A573-A6242015A64E}.Release|Any CPU.Build.0 = Release|Any CPU
		{EE9761B0-D0EB-496C-A032-E13F4C5E302A}.Debug|Any CPU.ActiveCfg = Debug|Any CPU
		{EE9761B0-D0EB-496C-A032-E13F4C5E302A}.Debug|Any CPU.Build.0 = Debug|Any CPU
		{EE9761B0-D0EB-496C-A032-E13F4C5E302A}.Release|Any CPU.ActiveCfg = Release|Any CPU
		{EE9761B0-D0EB-496C-A032-E13F4C5E302A}.Release|Any CPU.Build.0 = Release|Any CPU
		{3745FC66-5FF2-459F-AE93-E236890D9FE1}.Debug|Any CPU.ActiveCfg = Debug|Any CPU
		{3745FC66-5FF2-459F-AE93-E236890D9FE1}.Debug|Any CPU.Build.0 = Debug|Any CPU
		{3745FC66-5FF2-459F-AE93-E236890D9FE1}.Release|Any CPU.ActiveCfg = Release|Any CPU
		{3745FC66-5FF2-459F-AE93-E236890D9FE1}.Release|Any CPU.Build.0 = Release|Any CPU
		{1E9729C6-FE5D-40B0-AF6B-D2D8A0DC377E}.Debug|Any CPU.ActiveCfg = Debug|Any CPU
		{1E9729C6-FE5D-40B0-AF6B-D2D8A0DC377E}.Debug|Any CPU.Build.0 = Debug|Any CPU
		{1E9729C6-FE5D-40B0-AF6B-D2D8A0DC377E}.Release|Any CPU.ActiveCfg = Release|Any CPU
		{1E9729C6-FE5D-40B0-AF6B-D2D8A0DC377E}.Release|Any CPU.Build.0 = Release|Any CPU
		{155B60AF-F872-410C-B7AE-B1AFC7E40362}.Debug|Any CPU.ActiveCfg = Debug|Any CPU
		{155B60AF-F872-410C-B7AE-B1AFC7E40362}.Debug|Any CPU.Build.0 = Debug|Any CPU
		{155B60AF-F872-410C-B7AE-B1AFC7E40362}.Release|Any CPU.ActiveCfg = Release|Any CPU
		{155B60AF-F872-410C-B7AE-B1AFC7E40362}.Release|Any CPU.Build.0 = Release|Any CPU
		{008D5719-6E24-4EFA-A5A8-B0DFEFE1AB80}.Debug|Any CPU.ActiveCfg = Debug|Any CPU
		{008D5719-6E24-4EFA-A5A8-B0DFEFE1AB80}.Debug|Any CPU.Build.0 = Debug|Any CPU
		{008D5719-6E24-4EFA-A5A8-B0DFEFE1AB80}.Release|Any CPU.ActiveCfg = Release|Any CPU
		{008D5719-6E24-4EFA-A5A8-B0DFEFE1AB80}.Release|Any CPU.Build.0 = Release|Any CPU
		{3ADFA010-2085-407F-8FDF-C1B832F7C358}.Debug|Any CPU.ActiveCfg = Debug|Any CPU
		{3ADFA010-2085-407F-8FDF-C1B832F7C358}.Debug|Any CPU.Build.0 = Debug|Any CPU
		{3ADFA010-2085-407F-8FDF-C1B832F7C358}.Release|Any CPU.ActiveCfg = Release|Any CPU
		{3ADFA010-2085-407F-8FDF-C1B832F7C358}.Release|Any CPU.Build.0 = Release|Any CPU
		{A9A7BDD8-01AD-437E-808C-BA2B89982094}.Debug|Any CPU.ActiveCfg = Debug|Any CPU
		{A9A7BDD8-01AD-437E-808C-BA2B89982094}.Debug|Any CPU.Build.0 = Debug|Any CPU
		{A9A7BDD8-01AD-437E-808C-BA2B89982094}.Release|Any CPU.ActiveCfg = Release|Any CPU
		{A9A7BDD8-01AD-437E-808C-BA2B89982094}.Release|Any CPU.Build.0 = Release|Any CPU
		{6FD69CE3-8B54-4DEC-B826-2C54AD2A212D}.Debug|Any CPU.ActiveCfg = Debug|Any CPU
		{6FD69CE3-8B54-4DEC-B826-2C54AD2A212D}.Debug|Any CPU.Build.0 = Debug|Any CPU
		{6FD69CE3-8B54-4DEC-B826-2C54AD2A212D}.Release|Any CPU.ActiveCfg = Release|Any CPU
		{6FD69CE3-8B54-4DEC-B826-2C54AD2A212D}.Release|Any CPU.Build.0 = Release|Any CPU
		{EB118A6D-9618-43C7-8D19-734779545E85}.Debug|Any CPU.ActiveCfg = Debug|Any CPU
		{EB118A6D-9618-43C7-8D19-734779545E85}.Debug|Any CPU.Build.0 = Debug|Any CPU
		{EB118A6D-9618-43C7-8D19-734779545E85}.Release|Any CPU.ActiveCfg = Release|Any CPU
		{EB118A6D-9618-43C7-8D19-734779545E85}.Release|Any CPU.Build.0 = Release|Any CPU
		{9D135681-5D53-4ED9-9FD5-5720B6D11627}.Debug|Any CPU.ActiveCfg = Debug|Any CPU
		{9D135681-5D53-4ED9-9FD5-5720B6D11627}.Debug|Any CPU.Build.0 = Debug|Any CPU
		{9D135681-5D53-4ED9-9FD5-5720B6D11627}.Release|Any CPU.ActiveCfg = Release|Any CPU
		{9D135681-5D53-4ED9-9FD5-5720B6D11627}.Release|Any CPU.Build.0 = Release|Any CPU
		{58293713-3BC2-49D8-A734-E1B7738D8AFE}.Debug|Any CPU.ActiveCfg = Debug|Any CPU
		{58293713-3BC2-49D8-A734-E1B7738D8AFE}.Debug|Any CPU.Build.0 = Debug|Any CPU
		{58293713-3BC2-49D8-A734-E1B7738D8AFE}.Release|Any CPU.ActiveCfg = Release|Any CPU
		{58293713-3BC2-49D8-A734-E1B7738D8AFE}.Release|Any CPU.Build.0 = Release|Any CPU
		{4F3299C8-CCFF-4D24-AF2F-1C2B6C1A19F2}.Debug|Any CPU.ActiveCfg = Debug|Any CPU
		{4F3299C8-CCFF-4D24-AF2F-1C2B6C1A19F2}.Debug|Any CPU.Build.0 = Debug|Any CPU
		{4F3299C8-CCFF-4D24-AF2F-1C2B6C1A19F2}.Release|Any CPU.ActiveCfg = Release|Any CPU
		{4F3299C8-CCFF-4D24-AF2F-1C2B6C1A19F2}.Release|Any CPU.Build.0 = Release|Any CPU
	EndGlobalSection
	GlobalSection(SolutionProperties) = preSolution
		HideSolutionNode = FALSE
	EndGlobalSection
	GlobalSection(NestedProjects) = preSolution
		{21A553C7-273C-443A-9F0E-64F189620811} = {02EA681E-C7D8-13C7-8484-4AC65E1B71E8}
		{F91E787A-0399-4301-A1D7-A22DE309F708} = {02EA681E-C7D8-13C7-8484-4AC65E1B71E8}
		{AC43EBB1-89AC-4480-9239-DFEE4D8B3D03} = {02EA681E-C7D8-13C7-8484-4AC65E1B71E8}
		{CBCE7F90-4C39-4269-8931-C6104B0EFAEE} = {6491F31C-A55F-4870-AF16-3FDB56BAA787}
		{DD8C01AD-5BF6-420E-A5EE-8A8B8BE621E0} = {6491F31C-A55F-4870-AF16-3FDB56BAA787}
		{45C9D20D-DC5A-49E8-9A5C-46306BA1D4F2} = {6491F31C-A55F-4870-AF16-3FDB56BAA787}
		{06EDF93B-AE0A-4D53-8001-3A2E1C7368CB} = {533C9244-BBA0-4D71-B88C-0E324CD2D9F6}
		{E3695AD2-749E-4ECE-810B-E1D2D4C1F3CA} = {533C9244-BBA0-4D71-B88C-0E324CD2D9F6}
		{A2CA2CEE-2B7F-421F-A573-A6242015A64E} = {533C9244-BBA0-4D71-B88C-0E324CD2D9F6}
		{EE9761B0-D0EB-496C-A032-E13F4C5E302A} = {4EC06EBF-E08D-43F3-9870-F02CD4AC0A97}
		{3745FC66-5FF2-459F-AE93-E236890D9FE1} = {4EC06EBF-E08D-43F3-9870-F02CD4AC0A97}
		{1E9729C6-FE5D-40B0-AF6B-D2D8A0DC377E} = {4EC06EBF-E08D-43F3-9870-F02CD4AC0A97}
		{155B60AF-F872-410C-B7AE-B1AFC7E40362} = {807F6522-581B-4E9C-8527-1358782F0CD8}
		{008D5719-6E24-4EFA-A5A8-B0DFEFE1AB80} = {807F6522-581B-4E9C-8527-1358782F0CD8}
		{3ADFA010-2085-407F-8FDF-C1B832F7C358} = {807F6522-581B-4E9C-8527-1358782F0CD8}
		{A9A7BDD8-01AD-437E-808C-BA2B89982094} = {C42E8AA0-59FF-412A-9097-EA73A74D2F82}
		{6FD69CE3-8B54-4DEC-B826-2C54AD2A212D} = {C42E8AA0-59FF-412A-9097-EA73A74D2F82}
		{EB118A6D-9618-43C7-8D19-734779545E85} = {C42E8AA0-59FF-412A-9097-EA73A74D2F82}
		{9D135681-5D53-4ED9-9FD5-5720B6D11627} = {13C3161A-F911-4C6A-B90E-3F2EA9B26CBA}
		{58293713-3BC2-49D8-A734-E1B7738D8AFE} = {13C3161A-F911-4C6A-B90E-3F2EA9B26CBA}
		{4F3299C8-CCFF-4D24-AF2F-1C2B6C1A19F2} = {13C3161A-F911-4C6A-B90E-3F2EA9B26CBA}
	EndGlobalSection
	GlobalSection(ExtensibilityGlobals) = postSolution
		SolutionGuid = {4BFFCFFB-FF90-4616-9F7E-E32CB63FD2B5}
	EndGlobalSection
EndGlobal
